
Microsoft Visual Studio Solution File, Format Version 12.00
# Visual Studio 2012
Project("{FAE04EC0-301F-11D3-BF4B-00C04F79EFBC}") = "RestoreBackup", "RestoreBackup\RestoreBackup.csproj", "{341E05E6-3E07-40B6-9696-4FD6F895B932}"
EndProject
Project("{FAE04EC0-301F-11D3-BF4B-00C04F79EFBC}") = "RestoreBackupLib", "RestoreBackupLib\RestoreBackupLib.csproj", "{71239417-0168-4D14-8A3C-6C5B63585EED}"
EndProject
Project("{FAE04EC0-301F-11D3-BF4B-00C04F79EFBC}") = "RestoreBackupLibTest", "RestoreBackupLibTest\RestoreBackupLibTest.csproj", "{DFD7E8D2-199A-4406-8388-40F86C79F600}"
EndProject
Project("{2150E333-8FDC-42A3-9474-1A3956D46DE8}") = ".nuget", ".nuget", "{E10AFE9C-DB9A-426A-A85E-61C9979291B5}"
	ProjectSection(SolutionItems) = preProject
		.nuget\NuGet.Config = .nuget\NuGet.Config
		.nuget\NuGet.exe = .nuget\NuGet.exe
		.nuget\NuGet.targets = .nuget\NuGet.targets
	EndProjectSection
EndProject
Project("{FAE04EC0-301F-11D3-BF4B-00C04F79EFBC}") = "ConsoleDatabaseRestorer", "ConsoleDatabaseRestorer\ConsoleDatabaseRestorer.csproj", "{C8FCEBF7-2AFA-496B-A5A1-AF86DFFA011C}"
EndProject
Global
	GlobalSection(SolutionConfigurationPlatforms) = preSolution
		Debug|Any CPU = Debug|Any CPU
		Debug|Mixed Platforms = Debug|Mixed Platforms
		Debug|x86 = Debug|x86
		Release|Any CPU = Release|Any CPU
		Release|Mixed Platforms = Release|Mixed Platforms
		Release|x86 = Release|x86
	EndGlobalSection
	GlobalSection(ProjectConfigurationPlatforms) = postSolution
		{341E05E6-3E07-40B6-9696-4FD6F895B932}.Debug|Any CPU.ActiveCfg = Debug|Any CPU
		{341E05E6-3E07-40B6-9696-4FD6F895B932}.Debug|Any CPU.Build.0 = Debug|Any CPU
		{341E05E6-3E07-40B6-9696-4FD6F895B932}.Debug|Mixed Platforms.ActiveCfg = Debug|x86
		{341E05E6-3E07-40B6-9696-4FD6F895B932}.Debug|Mixed Platforms.Build.0 = Debug|x86
		{341E05E6-3E07-40B6-9696-4FD6F895B932}.Debug|x86.ActiveCfg = Debug|x86
		{341E05E6-3E07-40B6-9696-4FD6F895B932}.Debug|x86.Build.0 = Debug|x86
		{341E05E6-3E07-40B6-9696-4FD6F895B932}.Release|Any CPU.ActiveCfg = Release|Any CPU
		{341E05E6-3E07-40B6-9696-4FD6F895B932}.Release|Any CPU.Build.0 = Release|Any CPU
		{341E05E6-3E07-40B6-9696-4FD6F895B932}.Release|Mixed Platforms.ActiveCfg = Release|x86
		{341E05E6-3E07-40B6-9696-4FD6F895B932}.Release|Mixed Platforms.Build.0 = Release|x86
		{341E05E6-3E07-40B6-9696-4FD6F895B932}.Release|x86.ActiveCfg = Release|x86
		{341E05E6-3E07-40B6-9696-4FD6F895B932}.Release|x86.Build.0 = Release|x86
		{71239417-0168-4D14-8A3C-6C5B63585EED}.Debug|Any CPU.ActiveCfg = Debug|Any CPU
		{71239417-0168-4D14-8A3C-6C5B63585EED}.Debug|Any CPU.Build.0 = Debug|Any CPU
		{71239417-0168-4D14-8A3C-6C5B63585EED}.Debug|Mixed Platforms.ActiveCfg = Debug|x86
		{71239417-0168-4D14-8A3C-6C5B63585EED}.Debug|Mixed Platforms.Build.0 = Debug|x86
		{71239417-0168-4D14-8A3C-6C5B63585EED}.Debug|x86.ActiveCfg = Debug|x86
		{71239417-0168-4D14-8A3C-6C5B63585EED}.Debug|x86.Build.0 = Debug|x86
		{71239417-0168-4D14-8A3C-6C5B63585EED}.Release|Any CPU.ActiveCfg = Release|Any CPU
		{71239417-0168-4D14-8A3C-6C5B63585EED}.Release|Any CPU.Build.0 = Release|Any CPU
		{71239417-0168-4D14-8A3C-6C5B63585EED}.Release|Mixed Platforms.ActiveCfg = Release|x86
		{71239417-0168-4D14-8A3C-6C5B63585EED}.Release|Mixed Platforms.Build.0 = Release|x86
		{71239417-0168-4D14-8A3C-6C5B63585EED}.Release|x86.ActiveCfg = Release|x86
		{71239417-0168-4D14-8A3C-6C5B63585EED}.Release|x86.Build.0 = Release|x86
		{DFD7E8D2-199A-4406-8388-40F86C79F600}.Debug|Any CPU.ActiveCfg = Debug|Any CPU
		{DFD7E8D2-199A-4406-8388-40F86C79F600}.Debug|Any CPU.Build.0 = Debug|Any CPU
		{DFD7E8D2-199A-4406-8388-40F86C79F600}.Debug|Mixed Platforms.ActiveCfg = Debug|x86
		{DFD7E8D2-199A-4406-8388-40F86C79F600}.Debug|Mixed Platforms.Build.0 = Debug|x86
		{DFD7E8D2-199A-4406-8388-40F86C79F600}.Debug|x86.ActiveCfg = Debug|x86
		{DFD7E8D2-199A-4406-8388-40F86C79F600}.Debug|x86.Build.0 = Debug|x86
		{DFD7E8D2-199A-4406-8388-40F86C79F600}.Release|Any CPU.ActiveCfg = Release|Any CPU
		{DFD7E8D2-199A-4406-8388-40F86C79F600}.Release|Any CPU.Build.0 = Release|Any CPU
		{DFD7E8D2-199A-4406-8388-40F86C79F600}.Release|Mixed Platforms.ActiveCfg = Release|x86
		{DFD7E8D2-199A-4406-8388-40F86C79F600}.Release|Mixed Platforms.Build.0 = Release|x86
		{DFD7E8D2-199A-4406-8388-40F86C79F600}.Release|x86.ActiveCfg = Release|x86
		{DFD7E8D2-199A-4406-8388-40F86C79F600}.Release|x86.Build.0 = Release|x86
		{C8FCEBF7-2AFA-496B-A5A1-AF86DFFA011C}.Debug|Any CPU.ActiveCfg = Debug|Any CPU
		{C8FCEBF7-2AFA-496B-A5A1-AF86DFFA011C}.Debug|Any CPU.Build.0 = Debug|Any CPU
		{C8FCEBF7-2AFA-496B-A5A1-AF86DFFA011C}.Debug|Mixed Platforms.ActiveCfg = Debug|Any CPU
		{C8FCEBF7-2AFA-496B-A5A1-AF86DFFA011C}.Debug|Mixed Platforms.Build.0 = Debug|Any CPU
		{C8FCEBF7-2AFA-496B-A5A1-AF86DFFA011C}.Debug|x86.ActiveCfg = Debug|Any CPU
		{C8FCEBF7-2AFA-496B-A5A1-AF86DFFA011C}.Release|Any CPU.ActiveCfg = Release|Any CPU
		{C8FCEBF7-2AFA-496B-A5A1-AF86DFFA011C}.Release|Any CPU.Build.0 = Release|Any CPU
		{C8FCEBF7-2AFA-496B-A5A1-AF86DFFA011C}.Release|Mixed Platforms.ActiveCfg = Release|Any CPU
		{C8FCEBF7-2AFA-496B-A5A1-AF86DFFA011C}.Release|Mixed Platforms.Build.0 = Release|Any CPU
		{C8FCEBF7-2AFA-496B-A5A1-AF86DFFA011C}.Release|x86.ActiveCfg = Release|Any CPU
	EndGlobalSection
	GlobalSection(SolutionProperties) = preSolution
		HideSolutionNode = FALSE
	EndGlobalSection
EndGlobal
